
Microsoft Visual Studio Solution File, Format Version 12.00
# Visual Studio 14
VisualStudioVersion = 14.0.25123.0
MinimumVisualStudioVersion = 10.0.40219.1
Project("{FAE04EC0-301F-11D3-BF4B-00C04F79EFBC}") = "LinearEquation", "Sample1\LinearEquation.csproj", "{E57BD695-A3C3-4AED-BAFC-58BE868297E4}"
EndProject
Project("{FAE04EC0-301F-11D3-BF4B-00C04F79EFBC}") = "Factorial", "Factorial\Factorial.csproj", "{F8AF99E7-3543-48CC-9A1C-78F722142BC1}"
EndProject
Project("{FAE04EC0-301F-11D3-BF4B-00C04F79EFBC}") = "TeachingAssistant", "TeachingAssistant\TeachingAssistant.csproj", "{AA6418EC-6844-4681-BBB2-C6E6243B23FF}"
EndProject
Global
	GlobalSection(SolutionConfigurationPlatforms) = preSolution
		Debug|Any CPU = Debug|Any CPU
		Release|Any CPU = Release|Any CPU
	EndGlobalSection
	GlobalSection(ProjectConfigurationPlatforms) = postSolution
		{E57BD695-A3C3-4AED-BAFC-58BE868297E4}.Debug|Any CPU.ActiveCfg = Debug|Any CPU
		{E57BD695-A3C3-4AED-BAFC-58BE868297E4}.Debug|Any CPU.Build.0 = Debug|Any CPU
		{E57BD695-A3C3-4AED-BAFC-58BE868297E4}.Release|Any CPU.ActiveCfg = Release|Any CPU
		{E57BD695-A3C3-4AED-BAFC-58BE868297E4}.Release|Any CPU.Build.0 = Release|Any CPU
		{F8AF99E7-3543-48CC-9A1C-78F722142BC1}.Debug|Any CPU.ActiveCfg = Debug|Any CPU
		{F8AF99E7-3543-48CC-9A1C-78F722142BC1}.Debug|Any CPU.Build.0 = Debug|Any CPU
		{F8AF99E7-3543-48CC-9A1C-78F722142BC1}.Release|Any CPU.ActiveCfg = Release|Any CPU
		{F8AF99E7-3543-48CC-9A1C-78F722142BC1}.Release|Any CPU.Build.0 = Release|Any CPU
		{AA6418EC-6844-4681-BBB2-C6E6243B23FF}.Debug|Any CPU.ActiveCfg = Debug|Any CPU
		{AA6418EC-6844-4681-BBB2-C6E6243B23FF}.Debug|Any CPU.Build.0 = Debug|Any CPU
		{AA6418EC-6844-4681-BBB2-C6E6243B23FF}.Release|Any CPU.ActiveCfg = Release|Any CPU
		{AA6418EC-6844-4681-BBB2-C6E6243B23FF}.Release|Any CPU.Build.0 = Release|Any CPU
	EndGlobalSection
	GlobalSection(SolutionProperties) = preSolution
		HideSolutionNode = FALSE
	EndGlobalSection
EndGlobal
